# This file is automatically @generated by Wally.
# It is not intended for manual editing.
registry = "test"

[[package]]
name = "cyphical/roroomsframework"
version = "0.1.0"
dependencies = [["loader", "sleitnick/loader@2.0.0"], ["net", "sleitnick/net@0.1.0"]]

[[package]]
name = "sleitnick/loader"
version = "2.0.0"
dependencies = []

[[package]]
name = "sleitnick/net"
version = "0.1.0"
dependencies = []
